
Microsoft Visual Studio Solution File, Format Version 12.00
# Visual Studio Version 17
VisualStudioVersion = 17.9.34728.123
MinimumVisualStudioVersion = 10.0.40219.1
Project("{FAE04EC0-301F-11D3-BF4B-00C04F79EFBC}") = "project3", "project3\project3.csproj", "{862C9F17-6964-4BB5-99C0-8490DC010287}"
EndProject
Global
	GlobalSection(SolutionConfigurationPlatforms) = preSolution
		Debug|Any CPU = Debug|Any CPU
		Release|Any CPU = Release|Any CPU
	EndGlobalSection
	GlobalSection(ProjectConfigurationPlatforms) = postSolution
		{862C9F17-6964-4BB5-99C0-8490DC010287}.Debug|Any CPU.ActiveCfg = Debug|Any CPU
		{862C9F17-6964-4BB5-99C0-8490DC010287}.Debug|Any CPU.Build.0 = Debug|Any CPU
		{862C9F17-6964-4BB5-99C0-8490DC010287}.Release|Any CPU.ActiveCfg = Release|Any CPU
		{862C9F17-6964-4BB5-99C0-8490DC010287}.Release|Any CPU.Build.0 = Release|Any CPU
	EndGlobalSection
	GlobalSection(SolutionProperties) = preSolution
		HideSolutionNode = FALSE
	EndGlobalSection
	GlobalSection(ExtensibilityGlobals) = postSolution
		SolutionGuid = {0593D4D4-5D5E-4F8C-AECD-FB87F8C396BE}
	EndGlobalSection
EndGlobal
